Microsoft Visual Studio Solution File, Format Version 12.00
# Visual Studio 15
VisualStudioVersion = 15.0.26124.0
MinimumVisualStudioVersion = 15.0.26124.0
Project("{FAE04EC0-301F-11D3-BF4B-00C04F79EFBC}") = "Palindrome.Domain", "Palindrome.Domain\Palindrome.Domain.csproj", "{E0892C2D-AEE6-43CE-917F-15F8B396FEB8}"
EndProject
Project("{FAE04EC0-301F-11D3-BF4B-00C04F79EFBC}") = "Palindrome.Client", "Palindrome.Client\Palindrome.Client.csproj", "{DD968ED9-5C99-4036-83D5-BD5E3B8A9D6C}"
EndProject
Project("{FAE04EC0-301F-11D3-BF4B-00C04F79EFBC}") = "Palindrome.Testing", "Palindrome.Testing\Palindrome.Testing.csproj", "{DD968ED9-5C99-4036-83D5-BD5E3B8A9D6C}"
EndProject
Global
	GlobalSection(SolutionConfigurationPlatforms) = preSolution
		Debug|Any CPU = Debug|Any CPU
		Debug|x64 = Debug|x64
		Debug|x86 = Debug|x86
		Release|Any CPU = Release|Any CPU
		Release|x64 = Release|x64
		Release|x86 = Release|x86
	EndGlobalSection
	GlobalSection(SolutionProperties) = preSolution
		HideSolutionNode = FALSE
	EndGlobalSection
	GlobalSection(ProjectConfigurationPlatforms) = postSolution
		{E0892C2D-AEE6-43CE-917F-15F8B396FEB8}.Debug|Any CPU.ActiveCfg = Debug|Any CPU
		{E0892C2D-AEE6-43CE-917F-15F8B396FEB8}.Debug|Any CPU.Build.0 = Debug|Any CPU
		{E0892C2D-AEE6-43CE-917F-15F8B396FEB8}.Debug|x64.ActiveCfg = Debug|Any CPU
		{E0892C2D-AEE6-43CE-917F-15F8B396FEB8}.Debug|x64.Build.0 = Debug|Any CPU
		{E0892C2D-AEE6-43CE-917F-15F8B396FEB8}.Debug|x86.ActiveCfg = Debug|Any CPU
		{E0892C2D-AEE6-43CE-917F-15F8B396FEB8}.Debug|x86.Build.0 = Debug|Any CPU
		{E0892C2D-AEE6-43CE-917F-15F8B396FEB8}.Release|Any CPU.ActiveCfg = Release|Any CPU
		{E0892C2D-AEE6-43CE-917F-15F8B396FEB8}.Release|Any CPU.Build.0 = Release|Any CPU
		{E0892C2D-AEE6-43CE-917F-15F8B396FEB8}.Release|x64.ActiveCfg = Release|Any CPU
		{E0892C2D-AEE6-43CE-917F-15F8B396FEB8}.Release|x64.Build.0 = Release|Any CPU
		{E0892C2D-AEE6-43CE-917F-15F8B396FEB8}.Release|x86.ActiveCfg = Release|Any CPU
		{E0892C2D-AEE6-43CE-917F-15F8B396FEB8}.Release|x86.Build.0 = Release|Any CPU
		{DD968ED9-5C99-4036-83D5-BD5E3B8A9D6C}.Debug|Any CPU.ActiveCfg = Debug|Any CPU
		{DD968ED9-5C99-4036-83D5-BD5E3B8A9D6C}.Debug|Any CPU.Build.0 = Debug|Any CPU
		{DD968ED9-5C99-4036-83D5-BD5E3B8A9D6C}.Debug|x64.ActiveCfg = Debug|Any CPU
		{DD968ED9-5C99-4036-83D5-BD5E3B8A9D6C}.Debug|x64.Build.0 = Debug|Any CPU
		{DD968ED9-5C99-4036-83D5-BD5E3B8A9D6C}.Debug|x86.ActiveCfg = Debug|Any CPU
		{DD968ED9-5C99-4036-83D5-BD5E3B8A9D6C}.Debug|x86.Build.0 = Debug|Any CPU
		{DD968ED9-5C99-4036-83D5-BD5E3B8A9D6C}.Release|Any CPU.ActiveCfg = Release|Any CPU
		{DD968ED9-5C99-4036-83D5-BD5E3B8A9D6C}.Release|Any CPU.Build.0 = Release|Any CPU
		{DD968ED9-5C99-4036-83D5-BD5E3B8A9D6C}.Release|x64.ActiveCfg = Release|Any CPU
		{DD968ED9-5C99-4036-83D5-BD5E3B8A9D6C}.Release|x64.Build.0 = Release|Any CPU
		{DD968ED9-5C99-4036-83D5-BD5E3B8A9D6C}.Release|x86.ActiveCfg = Release|Any CPU
		{DD968ED9-5C99-4036-83D5-BD5E3B8A9D6C}.Release|x86.Build.0 = Release|Any CPU
	EndGlobalSection
EndGlobal